
Microsoft Visual Studio Solution File, Format Version 12.00
# Visual Studio Version 17
VisualStudioVersion = 17.11.35327.3
MinimumVisualStudioVersion = 10.0.40219.1
Project("{FAE04EC0-301F-11D3-BF4B-00C04F79EFBC}") = "Lab02-01", "Bai2\Lab02-01.csproj", "{0DBAA930-0A11-44DC-B3C8-DCFCC29FB1E3}"
EndProject
Project("{FAE04EC0-301F-11D3-BF4B-00C04F79EFBC}") = "Lab02-02", "Lab02-02\Lab02-02.csproj", "{A04F716F-1BE9-4731-A0E4-162FD817373E}"
EndProject
Project("{FAE04EC0-301F-11D3-BF4B-00C04F79EFBC}") = "Lab02-3", "Lab02_03\Lab02-3.csproj", "{7D8AF6BB-7253-471F-B28B-F3F6FC1C81E2}"
EndProject
Global
	GlobalSection(SolutionConfigurationPlatforms) = preSolution
		Debug|Any CPU = Debug|Any CPU
		Release|Any CPU = Release|Any CPU
	EndGlobalSection
	GlobalSection(ProjectConfigurationPlatforms) = postSolution
		{0DBAA930-0A11-44DC-B3C8-DCFCC29FB1E3}.Debug|Any CPU.ActiveCfg = Debug|Any CPU
		{0DBAA930-0A11-44DC-B3C8-DCFCC29FB1E3}.Debug|Any CPU.Build.0 = Debug|Any CPU
		{0DBAA930-0A11-44DC-B3C8-DCFCC29FB1E3}.Release|Any CPU.ActiveCfg = Release|Any CPU
		{0DBAA930-0A11-44DC-B3C8-DCFCC29FB1E3}.Release|Any CPU.Build.0 = Release|Any CPU
		{A04F716F-1BE9-4731-A0E4-162FD817373E}.Debug|Any CPU.ActiveCfg = Debug|Any CPU
		{A04F716F-1BE9-4731-A0E4-162FD817373E}.Debug|Any CPU.Build.0 = Debug|Any CPU
		{A04F716F-1BE9-4731-A0E4-162FD817373E}.Release|Any CPU.ActiveCfg = Release|Any CPU
		{A04F716F-1BE9-4731-A0E4-162FD817373E}.Release|Any CPU.Build.0 = Release|Any CPU
		{7D8AF6BB-7253-471F-B28B-F3F6FC1C81E2}.Debug|Any CPU.ActiveCfg = Debug|Any CPU
		{7D8AF6BB-7253-471F-B28B-F3F6FC1C81E2}.Debug|Any CPU.Build.0 = Debug|Any CPU
		{7D8AF6BB-7253-471F-B28B-F3F6FC1C81E2}.Release|Any CPU.ActiveCfg = Release|Any CPU
		{7D8AF6BB-7253-471F-B28B-F3F6FC1C81E2}.Release|Any CPU.Build.0 = Release|Any CPU
	EndGlobalSection
	GlobalSection(SolutionProperties) = preSolution
		HideSolutionNode = FALSE
	EndGlobalSection
	GlobalSection(ExtensibilityGlobals) = postSolution
		SolutionGuid = {3DD591EE-657A-4AFF-B94F-99CA0A1EF5A0}
	EndGlobalSection
EndGlobal
